// !$*UTF8*$!
{
	archiveVersion = 1;
	classes = {
	};
	objectVersion = 55;
	objects = {

/* Begin PBXBuildFile section */
		3A6789932881A0B1000A82F3 /* ImageManager.swift in Sources */ = {isa = PBXBuildFile; fileRef = 3A6789922881A0B1000A82F3 /* ImageManager.swift */; };
		3AF8EF662881209F004F42AF /* vk-serviceApp.swift in Sources */ = {isa = PBXBuildFile; fileRef = 3AF8EF652881209F004F42AF /* vk-serviceApp.swift */; };
		3AF8EF682881209F004F42AF /* ServicesView.swift in Sources */ = {isa = PBXBuildFile; fileRef = 3AF8EF672881209F004F42AF /* ServicesView.swift */; };
		3AF8EF6A288120A0004F42AF /* Assets.xcassets in Resources */ = {isa = PBXBuildFile; fileRef = 3AF8EF69288120A0004F42AF /* Assets.xcassets */; };
		3AF8EF6D288120A0004F42AF /* Preview Assets.xcassets in Resources */ = {isa = PBXBuildFile; fileRef = 3AF8EF6C288120A0004F42AF /* Preview Assets.xcassets */; };
		3AF8EF75288120EA004F42AF /* SwiftyJSON in Frameworks */ = {isa = PBXBuildFile; productRef = 3AF8EF74288120EA004F42AF /* SwiftyJSON */; };
		3AF8EF78288120FC004F42AF /* Alamofire in Frameworks */ = {isa = PBXBuildFile; productRef = 3AF8EF77288120FC004F42AF /* Alamofire */; };
		3AF8EF7B28812170004F42AF /* BaseRequest.swift in Sources */ = {isa = PBXBuildFile; fileRef = 3AF8EF7A28812170004F42AF /* BaseRequest.swift */; };
		3AF8EF7D288123E0004F42AF /* ServiceCellModel.swift in Sources */ = {isa = PBXBuildFile; fileRef = 3AF8EF7C288123E0004F42AF /* ServiceCellModel.swift */; };
		3AF8EF81288126B6004F42AF /* ServiceCellView.swift in Sources */ = {isa = PBXBuildFile; fileRef = 3AF8EF80288126B6004F42AF /* ServiceCellView.swift */; };
		3AF8EF8528812D77004F42AF /* ImageRequest.swift in Sources */ = {isa = PBXBuildFile; fileRef = 3AF8EF8428812D77004F42AF /* ImageRequest.swift */; };
		3AF8EF8728812E60004F42AF /* ServicesManager.swift in Sources */ = {isa = PBXBuildFile; fileRef = 3AF8EF8628812E60004F42AF /* ServicesManager.swift */; };
		3AF8EF89288130BB004F42AF /* ServiceRequest.swift in Sources */ = {isa = PBXBuildFile; fileRef = 3AF8EF88288130BB004F42AF /* ServiceRequest.swift */; };
/* End PBXBuildFile section */

/* Begin PBXFileReference section */
		3A6789922881A0B1000A82F3 /* ImageManager.swift */ = {isa = PBXFileReference; lastKnownFileType = sourcecode.swift; path = ImageManager.swift; sourceTree = "<group>"; };
		3AF8EF622881209F004F42AF /* vk-service.app */ = {isa = PBXFileReference; explicitFileType = wrapper.application; includeInIndex = 0; path = "vk-service.app"; sourceTree = BUILT_PRODUCTS_DIR; };
		3AF8EF652881209F004F42AF /* vk-serviceApp.swift */ = {isa = PBXFileReference; lastKnownFileType = sourcecode.swift; path = "vk-serviceApp.swift"; sourceTree = "<group>"; };
		3AF8EF672881209F004F42AF /* ServicesView.swift */ = {isa = PBXFileReference; lastKnownFileType = sourcecode.swift; path = ServicesView.swift; sourceTree = "<group>"; };
		3AF8EF69288120A0004F42AF /* Assets.xcassets */ = {isa = PBXFileReference; lastKnownFileType = folder.assetcatalog; path = Assets.xcassets; sourceTree = "<group>"; };
		3AF8EF6C288120A0004F42AF /* Preview Assets.xcassets */ = {isa = PBXFileReference; lastKnownFileType = folder.assetcatalog; path = "Preview Assets.xcassets"; sourceTree = "<group>"; };
		3AF8EF7A28812170004F42AF /* BaseRequest.swift */ = {isa = PBXFileReference; lastKnownFileType = sourcecode.swift; path = BaseRequest.swift; sourceTree = "<group>"; };
		3AF8EF7C288123E0004F42AF /* ServiceCellModel.swift */ = {isa = PBXFileReference; lastKnownFileType = sourcecode.swift; path = ServiceCellModel.swift; sourceTree = "<group>"; };
		3AF8EF80288126B6004F42AF /* ServiceCellView.swift */ = {isa = PBXFileReference; lastKnownFileType = sourcecode.swift; path = ServiceCellView.swift; sourceTree = "<group>"; };
		3AF8EF8428812D77004F42AF /* ImageRequest.swift */ = {isa = PBXFileReference; lastKnownFileType = sourcecode.swift; path = ImageRequest.swift; sourceTree = "<group>"; };
		3AF8EF8628812E60004F42AF /* ServicesManager.swift */ = {isa = PBXFileReference; lastKnownFileType = sourcecode.swift; path = ServicesManager.swift; sourceTree = "<group>"; };
		3AF8EF88288130BB004F42AF /* ServiceRequest.swift */ = {isa = PBXFileReference; lastKnownFileType = sourcecode.swift; path = ServiceRequest.swift; sourceTree = "<group>"; };
/* End PBXFileReference section */

/* Begin PBXFrameworksBuildPhase section */
		3AF8EF5F2881209F004F42AF /* Frameworks */ = {
			isa = PBXFrameworksBuildPhase;
			buildActionMask = 2147483647;
			files = (
				3AF8EF75288120EA004F42AF /* SwiftyJSON in Frameworks */,
				3AF8EF78288120FC004F42AF /* Alamofire in Frameworks */,
			);
			runOnlyForDeploymentPostprocessing = 0;
		};
/* End PBXFrameworksBuildPhase section */

/* Begin PBXGroup section */
		3AF8EF592881209F004F42AF = {
			isa = PBXGroup;
			children = (
				3AF8EF642881209F004F42AF /* vk-service */,
				3AF8EF632881209F004F42AF /* Products */,
			);
			sourceTree = "<group>";
		};
		3AF8EF632881209F004F42AF /* Products */ = {
			isa = PBXGroup;
			children = (
				3AF8EF622881209F004F42AF /* vk-service.app */,
			);
			name = Products;
			sourceTree = "<group>";
		};
		3AF8EF642881209F004F42AF /* vk-service */ = {
			isa = PBXGroup;
			children = (
				3AF8EF7928812158004F42AF /* API */,
				3AF8EF8C2881328C004F42AF /* Managers */,
				3AF8EF8E288132AE004F42AF /* Models */,
				3AF8EF8D2881329D004F42AF /* Views */,
				3AF8EF652881209F004F42AF /* vk-serviceApp.swift */,
				3AF8EF69288120A0004F42AF /* Assets.xcassets */,
				3AF8EF6B288120A0004F42AF /* Preview Content */,
			);
			path = "vk-service";
			sourceTree = "<group>";
		};
		3AF8EF6B288120A0004F42AF /* Preview Content */ = {
			isa = PBXGroup;
			children = (
				3AF8EF6C288120A0004F42AF /* Preview Assets.xcassets */,
			);
			path = "Preview Content";
			sourceTree = "<group>";
		};
		3AF8EF7928812158004F42AF /* API */ = {
			isa = PBXGroup;
			children = (
				3AF8EF7A28812170004F42AF /* BaseRequest.swift */,
				3AF8EF8428812D77004F42AF /* ImageRequest.swift */,
				3AF8EF88288130BB004F42AF /* ServiceRequest.swift */,
			);
			path = API;
			sourceTree = "<group>";
		};
		3AF8EF8C2881328C004F42AF /* Managers */ = {
			isa = PBXGroup;
			children = (
				3AF8EF8628812E60004F42AF /* ServicesManager.swift */,
				3A6789922881A0B1000A82F3 /* ImageManager.swift */,
			);
			path = Managers;
			sourceTree = "<group>";
		};
		3AF8EF8D2881329D004F42AF /* Views */ = {
			isa = PBXGroup;
			children = (
				3AF8EF672881209F004F42AF /* ServicesView.swift */,
				3AF8EF80288126B6004F42AF /* ServiceCellView.swift */,
			);
			path = Views;
			sourceTree = "<group>";
		};
		3AF8EF8E288132AE004F42AF /* Models */ = {
			isa = PBXGroup;
			children = (
				3AF8EF7C288123E0004F42AF /* ServiceCellModel.swift */,
			);
			path = Models;
			sourceTree = "<group>";
		};
/* End PBXGroup section */

/* Begin PBXNativeTarget section */
		3AF8EF612881209F004F42AF /* vk-service */ = {
			isa = PBXNativeTarget;
			buildConfigurationList = 3AF8EF70288120A0004F42AF /* Build configuration list for PBXNativeTarget "vk-service" */;
			buildPhases = (
				3AF8EF5E2881209F004F42AF /* Sources */,
				3AF8EF5F2881209F004F42AF /* Frameworks */,
				3AF8EF602881209F004F42AF /* Resources */,
			);
			buildRules = (
			);
			dependencies = (
			);
			name = "vk-service";
			packageProductDependencies = (
				3AF8EF74288120EA004F42AF /* SwiftyJSON */,
				3AF8EF77288120FC004F42AF /* Alamofire */,
			);
			productName = "vk-service";
			productReference = 3AF8EF622881209F004F42AF /* vk-service.app */;
			productType = "com.apple.product-type.application";
		};
/* End PBXNativeTarget section */

/* Begin PBXProject section */
		3AF8EF5A2881209F004F42AF /* Project object */ = {
			isa = PBXProject;
			attributes = {
				BuildIndependentTargetsInParallel = 1;
				LastSwiftUpdateCheck = 1340;
				LastUpgradeCheck = 1340;
				TargetAttributes = {
					3AF8EF612881209F004F42AF = {
						CreatedOnToolsVersion = 13.4.1;
					};
				};
			};
			buildConfigurationList = 3AF8EF5D2881209F004F42AF /* Build configuration list for PBXProject "vk-service" */;
			compatibilityVersion = "Xcode 13.0";
			developmentRegion = en;
			hasScannedForEncodings = 0;
			knownRegions = (
				en,
				Base,
			);
			mainGroup = 3AF8EF592881209F004F42AF;
			packageReferences = (
				3AF8EF73288120EA004F42AF /* XCRemoteSwiftPackageReference "SwiftyJSON" */,
				3AF8EF76288120FC004F42AF /* XCRemoteSwiftPackageReference "Alamofire" */,
			);
			productRefGroup = 3AF8EF632881209F004F42AF /* Products */;
			projectDirPath = "";
			projectRoot = "";
			targets = (
				3AF8EF612881209F004F42AF /* vk-service */,
			);
		};
/* End PBXProject section */

/* Begin PBXResourcesBuildPhase section */
		3AF8EF602881209F004F42AF /* Resources */ = {
			isa = PBXResourcesBuildPhase;
			buildActionMask = 2147483647;
			files = (
				3AF8EF6D288120A0004F42AF /* Preview Assets.xcassets in Resources */,
				3AF8EF6A288120A0004F42AF /* Assets.xcassets in Resources */,
			);
			runOnlyForDeploymentPostprocessing = 0;
		};
/* End PBXResourcesBuildPhase section */

/* Begin PBXSourcesBuildPhase section */
		3AF8EF5E2881209F004F42AF /* Sources */ = {
			isa = PBXSourcesBuildPhase;
			buildActionMask = 2147483647;
			files = (
				3AF8EF7B28812170004F42AF /* BaseRequest.swift in Sources */,
				3AF8EF682881209F004F42AF /* ServicesView.swift in Sources */,
				3AF8EF81288126B6004F42AF /* ServiceCellView.swift in Sources */,
				3AF8EF662881209F004F42AF /* vk-serviceApp.swift in Sources */,
				3AF8EF89288130BB004F42AF /* ServiceRequest.swift in Sources */,
				3AF8EF8528812D77004F42AF /* ImageRequest.swift in Sources */,
				3AF8EF7D288123E0004F42AF /* ServiceCellModel.swift in Sources */,
				3AF8EF8728812E60004F42AF /* ServicesManager.swift in Sources */,
				3A6789932881A0B1000A82F3 /* ImageManager.swift in Sources */,
			);
			runOnlyForDeploymentPostprocessing = 0;
		};
/* End PBXSourcesBuildPhase section */

/* Begin XCBuildConfiguration section */
		3AF8EF6E288120A0004F42AF /* Debug */ = {
			isa = XCBuildConfiguration;
			buildSettings = {
				ALWAYS_SEARCH_USER_PATHS = NO;
				CLANG_ANALYZER_NONNULL = YES;
				CLANG_ANALYZER_NUMBER_OBJECT_CONVERSION = YES_AGGRESSIVE;
				CLANG_CXX_LANGUAGE_STANDARD = "gnu++17";
				CLANG_ENABLE_MODULES = YES;
				CLANG_ENABLE_OBJC_ARC = YES;
				CLANG_ENABLE_OBJC_WEAK = YES;
				CLANG_WARN_BLOCK_CAPTURE_AUTORELEASING = YES;
				CLANG_WARN_BOOL_CONVERSION = YES;
				CLANG_WARN_COMMA = YES;
				CLANG_WARN_CONSTANT_CONVERSION = YES;
				CLANG_WARN_DEPRECATED_OBJC_IMPLEMENTATIONS = YES;
				CLANG_WARN_DIRECT_OBJC_ISA_USAGE = YES_ERROR;
				CLANG_WARN_DOCUMENTATION_COMMENTS = YES;
				CLANG_WARN_EMPTY_BODY = YES;
				CLANG_WARN_ENUM_CONVERSION = YES;
				CLANG_WARN_INFINITE_RECURSION = YES;
				CLANG_WARN_INT_CONVERSION = YES;
				CLANG_WARN_NON_LITERAL_NULL_CONVERSION = YES;
				CLANG_WARN_OBJC_IMPLICIT_RETAIN_SELF = YES;
				CLANG_WARN_OBJC_LITERAL_CONVERSION = YES;
				CLANG_WARN_OBJC_ROOT_CLASS = YES_ERROR;
				CLANG_WARN_QUOTED_INCLUDE_IN_FRAMEWORK_HEADER = YES;
				CLANG_WARN_RANGE_LOOP_ANALYSIS = YES;
				CLANG_WARN_STRICT_PROTOTYPES = YES;
				CLANG_WARN_SUSPICIOUS_MOVE = YES;
				CLANG_WARN_UNGUARDED_AVAILABILITY = YES_AGGRESSIVE;
				CLANG_WARN_UNREACHABLE_CODE = YES;
				CLANG_WARN__DUPLICATE_METHOD_MATCH = YES;
				COPY_PHASE_STRIP = NO;
				DEBUG_INFORMATION_FORMAT = dwarf;
				ENABLE_STRICT_OBJC_MSGSEND = YES;
				ENABLE_TESTABILITY = YES;
				GCC_C_LANGUAGE_STANDARD = gnu11;
				GCC_DYNAMIC_NO_PIC = NO;
				GCC_NO_COMMON_BLOCKS = YES;
				GCC_OPTIMIZATION_LEVEL = 0;
				GCC_PREPROCESSOR_DEFINITIONS = (
					"DEBUG=1",
					"$(inherited)",
				);
				GCC_WARN_64_TO_32_BIT_CONVERSION = YES;
				GCC_WARN_ABOUT_RETURN_TYPE = YES_ERROR;
				GCC_WARN_UNDECLARED_SELECTOR = YES;
				GCC_WARN_UNINITIALIZED_AUTOS = YES_AGGRESSIVE;
				GCC_WARN_UNUSED_FUNCTION = YES;
				GCC_WARN_UNUSED_VARIABLE = YES;
				IPHONEOS_DEPLOYMENT_TARGET = 15.5;
				MTL_ENABLE_DEBUG_INFO = INCLUDE_SOURCE;
				MTL_FAST_MATH = YES;
				ONLY_ACTIVE_ARCH = YES;
				SDKROOT = iphoneos;
				SWIFT_ACTIVE_COMPILATION_CONDITIONS = DEBUG;
				SWIFT_OPTIMIZATION_LEVEL = "-Onone";
			};
			name = Debug;
		};
		3AF8EF6F288120A0004F42AF /* Release */ = {
			isa = XCBuildConfiguration;
			buildSettings = {
				ALWAYS_SEARCH_USER_PATHS = NO;
				CLANG_ANALYZER_NONNULL = YES;
				CLANG_ANALYZER_NUMBER_OBJECT_CONVERSION = YES_AGGRESSIVE;
				CLANG_CXX_LANGUAGE_STANDARD = "gnu++17";
				CLANG_ENABLE_MODULES = YES;
				CLANG_ENABLE_OBJC_ARC = YES;
				CLANG_ENABLE_OBJC_WEAK = YES;
				CLANG_WARN_BLOCK_CAPTURE_AUTORELEASING = YES;
				CLANG_WARN_BOOL_CONVERSION = YES;
				CLANG_WARN_COMMA = YES;
				CLANG_WARN_CONSTANT_CONVERSION = YES;
				CLANG_WARN_DEPRECATED_OBJC_IMPLEMENTATIONS = YES;
				CLANG_WARN_DIRECT_OBJC_ISA_USAGE = YES_ERROR;
				CLANG_WARN_DOCUMENTATION_COMMENTS = YES;
				CLANG_WARN_EMPTY_BODY = YES;
				CLANG_WARN_ENUM_CONVERSION = YES;
				CLANG_WARN_INFINITE_RECURSION = YES;
				CLANG_WARN_INT_CONVERSION = YES;
				CLANG_WARN_NON_LITERAL_NULL_CONVERSION = YES;
				CLANG_WARN_OBJC_IMPLICIT_RETAIN_SELF = YES;
				CLANG_WARN_OBJC_LITERAL_CONVERSION = YES;
				CLANG_WARN_OBJC_ROOT_CLASS = YES_ERROR;
				CLANG_WARN_QUOTED_INCLUDE_IN_FRAMEWORK_HEADER = YES;
				CLANG_WARN_RANGE_LOOP_ANALYSIS = YES;
				CLANG_WARN_STRICT_PROTOTYPES = YES;
				CLANG_WARN_SUSPICIOUS_MOVE = YES;
				CLANG_WARN_UNGUARDED_AVAILABILITY = YES_AGGRESSIVE;
				CLANG_WARN_UNREACHABLE_CODE = YES;
				CLANG_WARN__DUPLICATE_METHOD_MATCH = YES;
				COPY_PHASE_STRIP = NO;
				DEBUG_INFORMATION_FORMAT = "dwarf-with-dsym";
				ENABLE_NS_ASSERTIONS = NO;
				ENABLE_STRICT_OBJC_MSGSEND = YES;
				GCC_C_LANGUAGE_STANDARD = gnu11;
				GCC_NO_COMMON_BLOCKS = YES;
				GCC_WARN_64_TO_32_BIT_CONVERSION = YES;
				GCC_WARN_ABOUT_RETURN_TYPE = YES_ERROR;
				GCC_WARN_UNDECLARED_SELECTOR = YES;
				GCC_WARN_UNINITIALIZED_AUTOS = YES_AGGRESSIVE;
				GCC_WARN_UNUSED_FUNCTION = YES;
				GCC_WARN_UNUSED_VARIABLE = YES;
				IPHONEOS_DEPLOYMENT_TARGET = 15.5;
				MTL_ENABLE_DEBUG_INFO = NO;
				MTL_FAST_MATH = YES;
				SDKROOT = iphoneos;
				SWIFT_COMPILATION_MODE = wholemodule;
				SWIFT_OPTIMIZATION_LEVEL = "-O";
				VALIDATE_PRODUCT = YES;
			};
			name = Release;
		};
		3AF8EF71288120A0004F42AF /* Debug */ = {
			isa = XCBuildConfiguration;
			buildSettings = {
				ASSETCATALOG_COMPILER_APPICON_NAME = AppIcon;
				ASSETCATALOG_COMPILER_GLOBAL_ACCENT_COLOR_NAME = AccentColor;
				CODE_SIGN_STYLE = Automatic;
				CURRENT_PROJECT_VERSION = 1;
				DEVELOPMENT_ASSET_PATHS = "\"vk-service/Preview Content\"";
				DEVELOPMENT_TEAM = WM98BXMW58;
				ENABLE_PREVIEWS = YES;
				GENERATE_INFOPLIST_FILE = YES;
				INFOPLIST_KEY_UIApplicationSceneManifest_Generation = YES;
				INFOPLIST_KEY_UIApplicationSupportsIndirectInputEvents = YES;
				INFOPLIST_KEY_UILaunchScreen_Generation = YES;
				INFOPLIST_KEY_UISupportedInterfaceOrientations_iPad = "UIInterfaceOrientationPortrait UIInterfaceOrientationPortraitUpsideDown UIInterfaceOrientationLandscapeLeft UIInterfaceOrientationLandscapeRight";
				INFOPLIST_KEY_UISupportedInterfaceOrientations_iPhone = "UIInterfaceOrientationPortrait UIInterfaceOrientationLandscapeLeft UIInterfaceOrientationLandscapeRight";
				LD_RUNPATH_SEARCH_PATHS = (
					"$(inherited)",
					"@executable_path/Frameworks",
				);
				MARKETING_VERSION = 1.0;
				PRODUCT_BUNDLE_IDENTIFIER = "leroli.vk-service";
				PRODUCT_NAME = "$(TARGET_NAME)";
				SWIFT_EMIT_LOC_STRINGS = YES;
				SWIFT_VERSION = 5.0;
				TARGETED_DEVICE_FAMILY = "1,2";
			};
			name = Debug;
		};
		3AF8EF72288120A0004F42AF /* Release */ = {
			isa = XCBuildConfiguration;
			buildSettings = {
				ASSETCATALOG_COMPILER_APPICON_NAME = AppIcon;
				ASSETCATALOG_COMPILER_GLOBAL_ACCENT_COLOR_NAME = AccentColor;
				CODE_SIGN_STYLE = Automatic;
				CURRENT_PROJECT_VERSION = 1;
				DEVELOPMENT_ASSET_PATHS = "\"vk-service/Preview Content\"";
				DEVELOPMENT_TEAM = WM98BXMW58;
				ENABLE_PREVIEWS = YES;
				GENERATE_INFOPLIST_FILE = YES;
				INFOPLIST_KEY_UIApplicationSceneManifest_Generation = YES;
				INFOPLIST_KEY_UIApplicationSupportsIndirectInputEvents = YES;
				INFOPLIST_KEY_UILaunchScreen_Generation = YES;
				INFOPLIST_KEY_UISupportedInterfaceOrientations_iPad = "UIInterfaceOrientationPortrait UIInterfaceOrientationPortraitUpsideDown UIInterfaceOrientationLandscapeLeft UIInterfaceOrientationLandscapeRight";
				INFOPLIST_KEY_UISupportedInterfaceOrientations_iPhone = "UIInterfaceOrientationPortrait UIInterfaceOrientationLandscapeLeft UIInterfaceOrientationLandscapeRight";
				LD_RUNPATH_SEARCH_PATHS = (
					"$(inherited)",
					"@executable_path/Frameworks",
				);
				MARKETING_VERSION = 1.0;
				PRODUCT_BUNDLE_IDENTIFIER = "leroli.vk-service";
				PRODUCT_NAME = "$(TARGET_NAME)";
				SWIFT_EMIT_LOC_STRINGS = YES;
				SWIFT_VERSION = 5.0;
				TARGETED_DEVICE_FAMILY = "1,2";
			};
			name = Release;
		};
/* End XCBuildConfiguration section */

/* Begin XCConfigurationList section */
		3AF8EF5D2881209F004F42AF /* Build configuration list for PBXProject "vk-service" */ = {
			isa = XCConfigurationList;
			buildConfigurations = (
				3AF8EF6E288120A0004F42AF /* Debug */,
				3AF8EF6F288120A0004F42AF /* Release */,
			);
			defaultConfigurationIsVisible = 0;
			defaultConfigurationName = Release;
		};
		3AF8EF70288120A0004F42AF /* Build configuration list for PBXNativeTarget "vk-service" */ = {
			isa = XCConfigurationList;
			buildConfigurations = (
				3AF8EF71288120A0004F42AF /* Debug */,
				3AF8EF72288120A0004F42AF /* Release */,
			);
			defaultConfigurationIsVisible = 0;
			defaultConfigurationName = Release;
		};
/* End XCConfigurationList section */

/* Begin XCRemoteSwiftPackageReference section */
		3AF8EF73288120EA004F42AF /* XCRemoteSwiftPackageReference "SwiftyJSON" */ = {
			isa = XCRemoteSwiftPackageReference;
			repositoryURL = "https://github.com/SwiftyJSON/SwiftyJSON";
			requirement = {
				branch = master;
				kind = branch;
			};
		};
		3AF8EF76288120FC004F42AF /* XCRemoteSwiftPackageReference "Alamofire" */ = {
			isa = XCRemoteSwiftPackageReference;
			repositoryURL = "https://github.com/Alamofire/Alamofire";
			requirement = {
				branch = master;
				kind = branch;
			};
		};
/* End XCRemoteSwiftPackageReference section */

/* Begin XCSwiftPackageProductDependency section */
		3AF8EF74288120EA004F42AF /* SwiftyJSON */ = {
			isa = XCSwiftPackageProductDependency;
			package = 3AF8EF73288120EA004F42AF /* XCRemoteSwiftPackageReference "SwiftyJSON" */;
			productName = SwiftyJSON;
		};
		3AF8EF77288120FC004F42AF /* Alamofire */ = {
			isa = XCSwiftPackageProductDependency;
			package = 3AF8EF76288120FC004F42AF /* XCRemoteSwiftPackageReference "Alamofire" */;
			productName = Alamofire;
		};
/* End XCSwiftPackageProductDependency section */
	};
	rootObject = 3AF8EF5A2881209F004F42AF /* Project object */;
}
